
Microsoft Visual Studio Solution File, Format Version 12.00
# Visual Studio Version 17
VisualStudioVersion = 17.6.33815.320
MinimumVisualStudioVersion = 10.0.40219.1
Project("{FAE04EC0-301F-11D3-BF4B-00C04F79EFBC}") = "Notes.Identity", "Notes.Identity\Notes.Identity.csproj", "{97F02BEC-A8EF-454B-B9FB-64671309B16D}"
EndProject
Global
	GlobalSection(SolutionConfigurationPlatforms) = preSolution
		Debug|Any CPU = Debug|Any CPU
		Release|Any CPU = Release|Any CPU
	EndGlobalSection
	GlobalSection(ProjectConfigurationPlatforms) = postSolution
		{97F02BEC-A8EF-454B-B9FB-64671309B16D}.Debug|Any CPU.ActiveCfg = Debug|Any CPU
		{97F02BEC-A8EF-454B-B9FB-64671309B16D}.Debug|Any CPU.Build.0 = Debug|Any CPU
		{97F02BEC-A8EF-454B-B9FB-64671309B16D}.Release|Any CPU.ActiveCfg = Release|Any CPU
		{97F02BEC-A8EF-454B-B9FB-64671309B16D}.Release|Any CPU.Build.0 = Release|Any CPU
	EndGlobalSection
	GlobalSection(SolutionProperties) = preSolution
		HideSolutionNode = FALSE
	EndGlobalSection
	GlobalSection(ExtensibilityGlobals) = postSolution
		SolutionGuid = {1ADC9182-C8D4-4C5A-8DCC-00029B7000E7}
	EndGlobalSection
EndGlobal
